
Microsoft Visual Studio Solution File, Format Version 12.00
Project("{FAE04EC0-301F-11D3-BF4B-00C04F79EFBC}") = "EdgeBase.Core", "packages\core\EdgeBase.Core.csproj", "{A1B2C3D4-1234-5678-9ABC-DEF012345678}"
EndProject
Project("{FAE04EC0-301F-11D3-BF4B-00C04F79EFBC}") = "EdgeBase.Unity", "packages\unity\EdgeBase.Unity.csproj", "{B2C3D4E5-2345-6789-ABCD-EF0123456789}"
EndProject
Project("{FAE04EC0-301F-11D3-BF4B-00C04F79EFBC}") = "EdgeBaseTests", "packages\unity\tests\EdgeBaseTests.csproj", "{C3D4E5F6-3456-789A-BCDE-F01234567890}"
EndProject
Global
GlobalSection(SolutionConfigurationPlatforms) = preSolution
Debug|Any CPU = Debug|Any CPU
Release|Any CPU = Release|Any CPU
EndGlobalSection
EndGlobal
